
Microsoft Visual Studio Solution File, Format Version 12.00
# Visual Studio Version 16
VisualStudioVersion = 16.0.33529.622
MinimumVisualStudioVersion = 10.0.40219.1
Project("{FAE04EC0-301F-11D3-BF4B-00C04F79EFBC}") = "OrgStructureSync", "OrgStructureSync.csproj", "{EB4C25B9-FDF7-4C6A-A701-442AEB24C214}"
EndProject
Global
	GlobalSection(SolutionConfigurationPlatforms) = preSolution
		Debug|Any CPU = Debug|Any CPU
		Release|Any CPU = Release|Any CPU
	EndGlobalSection
	GlobalSection(ProjectConfigurationPlatforms) = postSolution
		{EB4C25B9-FDF7-4C6A-A701-442AEB24C214}.Debug|Any CPU.ActiveCfg = Debug|Any CPU
		{EB4C25B9-FDF7-4C6A-A701-442AEB24C214}.Debug|Any CPU.Build.0 = Debug|Any CPU
		{EB4C25B9-FDF7-4C6A-A701-442AEB24C214}.Release|Any CPU.ActiveCfg = Release|Any CPU
		{EB4C25B9-FDF7-4C6A-A701-442AEB24C214}.Release|Any CPU.Build.0 = Release|Any CPU
	EndGlobalSection
	GlobalSection(SolutionProperties) = preSolution
		HideSolutionNode = FALSE
	EndGlobalSection
	GlobalSection(ExtensibilityGlobals) = postSolution
		SolutionGuid = {7277128E-010C-4B7C-8229-EDD351911C6F}
	EndGlobalSection
EndGlobal
